
Microsoft Visual Studio Solution File, Format Version 12.00
# Visual Studio Version 17
VisualStudioVersion = 17.8.34322.80
MinimumVisualStudioVersion = 10.0.40219.1
Project("{FAE04EC0-301F-11D3-BF4B-00C04F79EFBC}") = "NotificationService.Domain", "src\NotificationService.Domain\NotificationService.Domain.csproj", "{EB4E1D08-B98F-48B5-B2B1-69730F400CDE}"
EndProject
Project("{FAE04EC0-301F-11D3-BF4B-00C04F79EFBC}") = "NotificationService.Application", "src\NotificationService.Application\NotificationService.Application.csproj", "{0FC6D0A0-AAA6-4B7F-8753-98BBC91305FC}"
EndProject
Project("{FAE04EC0-301F-11D3-BF4B-00C04F79EFBC}") = "NotificationService.Infrastructure", "src\NotificationService.Infrastructure\NotificationService.Infrastructure.csproj", "{782EF09D-CF13-4085-A0E1-68F4DC9A2643}"
EndProject
Project("{FAE04EC0-301F-11D3-BF4B-00C04F79EFBC}") = "NotificationService.API", "src\NotificationService.API\NotificationService.API.csproj", "{EA0E1BE5-E8E7-4D13-8794-F4B9E86CF455}"
EndProject
Project("{FAE04EC0-301F-11D3-BF4B-00C04F79EFBC}") = "NotificationService.Tests", "tests\NotificationService.Tests\NotificationService.Tests.csproj", "{C3F2D7FC-DD12-4FCD-A2F3-58DD975C1FC5}"
EndProject
Global
	GlobalSection(SolutionConfigurationPlatforms) = preSolution
		Debug|Any CPU = Debug|Any CPU
		Release|Any CPU = Release|Any CPU
	EndGlobalSection
	GlobalSection(ProjectConfigurationPlatforms) = postSolution
		{EB4E1D08-B98F-48B5-B2B1-69730F400CDE}.Debug|Any CPU.ActiveCfg = Debug|Any CPU
		{EB4E1D08-B98F-48B5-B2B1-69730F400CDE}.Debug|Any CPU.Build.0 = Debug|Any CPU
		{EB4E1D08-B98F-48B5-B2B1-69730F400CDE}.Release|Any CPU.ActiveCfg = Release|Any CPU
		{EB4E1D08-B98F-48B5-B2B1-69730F400CDE}.Release|Any CPU.Build.0 = Release|Any CPU
		{0FC6D0A0-AAA6-4B7F-8753-98BBC91305FC}.Debug|Any CPU.ActiveCfg = Debug|Any CPU
		{0FC6D0A0-AAA6-4B7F-8753-98BBC91305FC}.Debug|Any CPU.Build.0 = Debug|Any CPU
		{0FC6D0A0-AAA6-4B7F-8753-98BBC91305FC}.Release|Any CPU.ActiveCfg = Release|Any CPU
		{0FC6D0A0-AAA6-4B7F-8753-98BBC91305FC}.Release|Any CPU.Build.0 = Release|Any CPU
		{782EF09D-CF13-4085-A0E1-68F4DC9A2643}.Debug|Any CPU.ActiveCfg = Debug|Any CPU
		{782EF09D-CF13-4085-A0E1-68F4DC9A2643}.Debug|Any CPU.Build.0 = Debug|Any CPU
		{782EF09D-CF13-4085-A0E1-68F4DC9A2643}.Release|Any CPU.ActiveCfg = Release|Any CPU
		{782EF09D-CF13-4085-A0E1-68F4DC9A2643}.Release|Any CPU.Build.0 = Release|Any CPU
		{EA0E1BE5-E8E7-4D13-8794-F4B9E86CF455}.Debug|Any CPU.ActiveCfg = Debug|Any CPU
		{EA0E1BE5-E8E7-4D13-8794-F4B9E86CF455}.Debug|Any CPU.Build.0 = Debug|Any CPU
		{EA0E1BE5-E8E7-4D13-8794-F4B9E86CF455}.Release|Any CPU.ActiveCfg = Release|Any CPU
		{EA0E1BE5-E8E7-4D13-8794-F4B9E86CF455}.Release|Any CPU.Build.0 = Release|Any CPU
		{C3F2D7FC-DD12-4FCD-A2F3-58DD975C1FC5}.Debug|Any CPU.ActiveCfg = Debug|Any CPU
		{C3F2D7FC-DD12-4FCD-A2F3-58DD975C1FC5}.Debug|Any CPU.Build.0 = Debug|Any CPU
		{C3F2D7FC-DD12-4FCD-A2F3-58DD975C1FC5}.Release|Any CPU.ActiveCfg = Release|Any CPU
		{C3F2D7FC-DD12-4FCD-A2F3-58DD975C1FC5}.Release|Any CPU.Build.0 = Release|Any CPU
	EndGlobalSection
	GlobalSection(SolutionProperties) = preSolution
		HideSolutionNode = FALSE
	EndGlobalSection
EndGlobal
